<?xml version="1.0" encoding="utf-8"?>
<Project ToolsVersion="4.0" xmlns="http://schemas.microsoft.com/developer/msbuild/2003">
  <ItemGroup>
    <Filter Include="Source Files">
      <UniqueIdentifier>{9ac60e04-d89f-42bb-a3b8-e756a0d678f5}</UniqueIdentifier>
      <Extensions>cpp</Extensions>
    </Filter>
    <Filter Include="Header Files">
      <UniqueIdentifier>{45c24f23-16e3-4a45-8c4b-0bc07329838f}</UniqueIdentifier>
      <Extensions>h</Extensions>
    </Filter>
    <Filter Include="utility">
      <UniqueIdentifier>{bb64e4d2-2150-43d0-8b6f-277a73149061}</UniqueIdentifier>
    </Filter>
    <Filter Include="datetime">
      <UniqueIdentifier>{12ec7197-53e8-4c26-8085-b51b85739371}</UniqueIdentifier>
    </Filter>
    <Filter Include="array">
      <UniqueIdentifier>{2633cd2f-7d82-4dd1-a2b9-546bf6193d6b}</UniqueIdentifier>
    </Filter>
  </ItemGroup>
  <ItemGroup>
    <ClInclude Include="..\xlldatetime\datetime.h">
      <Filter>datetime</Filter>
    </ClInclude>
    <ClInclude Include="..\xlldatetime\dt.h">
      <Filter>datetime</Filter>
    </ClInclude>
    <ClInclude Include="..\xlldatetime\calendar.h">
      <Filter>datetime</Filter>
    </ClInclude>
    <ClInclude Include="..\xlldatetime\cmegroup.h">
      <Filter>datetime</Filter>
    </ClInclude>
    <ClInclude Include="..\xlldatetime\holiday.h">
      <Filter>datetime</Filter>
    </ClInclude>
    <ClInclude Include="xllpwflat.h">
      <Filter>Header Files</Filter>
    </ClInclude>
  </ItemGroup>
  <ItemGroup>
    <ClCompile Include="pwflat_forward.cpp">
      <Filter>Source Files</Filter>
    </ClCompile>
    <ClCompile Include="pwflat.cpp">
      <Filter>Source Files</Filter>
    </ClCompile>
    <ClCompile Include="cash_deposit.cpp">
      <Filter>Source Files</Filter>
    </ClCompile>
    <ClCompile Include="..\xllutility\depends.cpp">
      <Filter>utility</Filter>
    </ClCompile>
    <ClCompile Include="..\xllutility\utility.cpp">
      <Filter>utility</Filter>
    </ClCompile>
    <ClCompile Include="..\xlldatetime\datetime.cpp">
      <Filter>datetime</Filter>
    </ClCompile>
    <ClCompile Include="forward_rate_agreement.cpp">
      <Filter>Source Files</Filter>
    </ClCompile>
    <ClCompile Include="instrument.cpp">
      <Filter>Source Files</Filter>
    </ClCompile>
    <ClCompile Include="interest_rate_swap.cpp">
      <Filter>Source Files</Filter>
    </ClCompile>
    <ClCompile Include="..\xllarray\mask.cpp">
      <Filter>array</Filter>
    </ClCompile>
    <ClCompile Include="..\xllarray\array.cpp">
      <Filter>array</Filter>
    </ClCompile>
    <ClCompile Include="..\xllarray\empty.cpp">
      <Filter>array</Filter>
    </ClCompile>
    <ClCompile Include="..\xllarray\where.cpp">
      <Filter>array</Filter>
    </ClCompile>
    <ClCompile Include="..\xllarray\member.cpp">
      <Filter>array</Filter>
    </ClCompile>
    <ClCompile Include="..\xllarray\getset.cpp">
      <Filter>array</Filter>
    </ClCompile>
    <ClCompile Include="..\xllarray\zot.cpp">
      <Filter>array</Filter>
    </ClCompile>
    <ClCompile Include="eurodollar_futures.cpp">
      <Filter>Source Files</Filter>
    </ClCompile>
    <ClCompile Include="..\xllarray\splice.cpp">
      <Filter>array</Filter>
    </ClCompile>
    <ClCompile Include="..\xlldatetime\calendar.cpp">
      <Filter>datetime</Filter>
    </ClCompile>
    <ClCompile Include="..\xlldatetime\cmegroup.cpp">
      <Filter>datetime</Filter>
    </ClCompile>
    <ClCompile Include="..\xlldatetime\date_adjust.cpp">
      <Filter>datetime</Filter>
    </ClCompile>
    <ClCompile Include="..\xlldatetime\date_date.cpp">
      <Filter>datetime</Filter>
    </ClCompile>
    <ClCompile Include="..\xlldatetime\date_dcf.cpp">
      <Filter>datetime</Filter>
    </ClCompile>
    <ClCompile Include="..\xlldatetime\date_enum.cpp">
      <Filter>datetime</Filter>
    </ClCompile>
    <ClCompile Include="instrument_bbg.cpp">
      <Filter>Source Files</Filter>
    </ClCompile>
    <ClCompile Include="..\xllarray\interval.cpp">
      <Filter>array</Filter>
    </ClCompile>
    <ClCompile Include="..\xllutility\evaluate.cpp">
      <Filter>utility</Filter>
    </ClCompile>
  </ItemGroup>
</Project>